// !$*UTF8*$!
{
	archiveVersion = 1;
	classes = {
	};
	objectVersion = 50;
	objects = {

/* Begin PBXBuildFile section */
		CDD15E00208C649200681C7C /* AppDelegate.swift in Sources */ = {isa = PBXBuildFile; fileRef = CDD15DFF208C649200681C7C /* AppDelegate.swift */; };
		CDD15E02208C649300681C7C /* ViewController.swift in Sources */ = {isa = PBXBuildFile; fileRef = CDD15E01208C649300681C7C /* ViewController.swift */; };
		CDD15E05208C649300681C7C /* Main.storyboard in Resources */ = {isa = PBXBuildFile; fileRef = CDD15E03208C649300681C7C /* Main.storyboard */; };
		CDD15E07208C649400681C7C /* Assets.xcassets in Resources */ = {isa = PBXBuildFile; fileRef = CDD15E06208C649400681C7C /* Assets.xcassets */; };
		CDD15E0A208C649400681C7C /* LaunchScreen.storyboard in Resources */ = {isa = PBXBuildFile; fileRef = CDD15E08208C649400681C7C /* LaunchScreen.storyboard */; };
		CDD15E13208C652500681C7C /* SwiftSocket.framework in Frameworks */ = {isa = PBXBuildFile; fileRef = CDD15E12208C652500681C7C /* SwiftSocket.framework */; };
		CDD15E172090FDFD00681C7C /* Flow.framework in Frameworks */ = {isa = PBXBuildFile; fileRef = CDD15E162090FDFD00681C7C /* Flow.framework */; };
/* End PBXBuildFile section */

/* Begin PBXFileReference section */
		CDD15DFC208C649200681C7C /* PixelDrawer.app */ = {isa = PBXFileReference; explicitFileType = wrapper.application; includeInIndex = 0; path = PixelDrawer.app; sourceTree = BUILT_PRODUCTS_DIR; };
		CDD15DFF208C649200681C7C /* AppDelegate.swift */ = {isa = PBXFileReference; lastKnownFileType = sourcecode.swift; path = AppDelegate.swift; sourceTree = "<group>"; };
		CDD15E01208C649300681C7C /* ViewController.swift */ = {isa = PBXFileReference; lastKnownFileType = sourcecode.swift; path = ViewController.swift; sourceTree = "<group>"; };
		CDD15E04208C649300681C7C /* Base */ = {isa = PBXFileReference; lastKnownFileType = file.storyboard; name = Base; path = Base.lproj/Main.storyboard; sourceTree = "<group>"; };
		CDD15E06208C649400681C7C /* Assets.xcassets */ = {isa = PBXFileReference; lastKnownFileType = folder.assetcatalog; path = Assets.xcassets; sourceTree = "<group>"; };
		CDD15E09208C649400681C7C /* Base */ = {isa = PBXFileReference; lastKnownFileType = file.storyboard; name = Base; path = Base.lproj/LaunchScreen.storyboard; sourceTree = "<group>"; };
		CDD15E0B208C649400681C7C /* Info.plist */ = {isa = PBXFileReference; lastKnownFileType = text.plist.xml; path = Info.plist; sourceTree = "<group>"; };
		CDD15E12208C652500681C7C /* SwiftSocket.framework */ = {isa = PBXFileReference; lastKnownFileType = wrapper.framework; name = SwiftSocket.framework; path = Carthage/Build/iOS/SwiftSocket.framework; sourceTree = "<group>"; };
		CDD15E162090FDFD00681C7C /* Flow.framework */ = {isa = PBXFileReference; lastKnownFileType = wrapper.framework; name = Flow.framework; path = Carthage/Build/iOS/Flow.framework; sourceTree = "<group>"; };
/* End PBXFileReference section */

/* Begin PBXFrameworksBuildPhase section */
		CDD15DF9208C649200681C7C /* Frameworks */ = {
			isa = PBXFrameworksBuildPhase;
			buildActionMask = 2147483647;
			files = (
				CDD15E13208C652500681C7C /* SwiftSocket.framework in Frameworks */,
				CDD15E172090FDFD00681C7C /* Flow.framework in Frameworks */,
			);
			runOnlyForDeploymentPostprocessing = 0;
		};
/* End PBXFrameworksBuildPhase section */

/* Begin PBXGroup section */
		CDD15DF3208C649200681C7C = {
			isa = PBXGroup;
			children = (
				CDD15DFE208C649200681C7C /* PixelDrawer */,
				CDD15DFD208C649200681C7C /* Products */,
				CDD15E11208C652400681C7C /* Frameworks */,
			);
			sourceTree = "<group>";
		};
		CDD15DFD208C649200681C7C /* Products */ = {
			isa = PBXGroup;
			children = (
				CDD15DFC208C649200681C7C /* PixelDrawer.app */,
			);
			name = Products;
			sourceTree = "<group>";
		};
		CDD15DFE208C649200681C7C /* PixelDrawer */ = {
			isa = PBXGroup;
			children = (
				CDD15DFF208C649200681C7C /* AppDelegate.swift */,
				CDD15E01208C649300681C7C /* ViewController.swift */,
				CDD15E03208C649300681C7C /* Main.storyboard */,
				CDD15E06208C649400681C7C /* Assets.xcassets */,
				CDD15E08208C649400681C7C /* LaunchScreen.storyboard */,
				CDD15E0B208C649400681C7C /* Info.plist */,
			);
			path = PixelDrawer;
			sourceTree = "<group>";
		};
		CDD15E11208C652400681C7C /* Frameworks */ = {
			isa = PBXGroup;
			children = (
				CDD15E162090FDFD00681C7C /* Flow.framework */,
				CDD15E12208C652500681C7C /* SwiftSocket.framework */,
			);
			name = Frameworks;
			sourceTree = "<group>";
		};
/* End PBXGroup section */

/* Begin PBXNativeTarget section */
		CDD15DFB208C649200681C7C /* PixelDrawer */ = {
			isa = PBXNativeTarget;
			buildConfigurationList = CDD15E0E208C649400681C7C /* Build configuration list for PBXNativeTarget "PixelDrawer" */;
			buildPhases = (
				CDD15DF8208C649200681C7C /* Sources */,
				CDD15DF9208C649200681C7C /* Frameworks */,
				CDD15DFA208C649200681C7C /* Resources */,
				CDD15E14208C653100681C7C /* Carthage copy-frameworks */,
				CDD15E15208C658200681C7C /* Carthage warn for outdated */,
			);
			buildRules = (
			);
			dependencies = (
			);
			name = PixelDrawer;
			productName = PixelDrawer;
			productReference = CDD15DFC208C649200681C7C /* PixelDrawer.app */;
			productType = "com.apple.product-type.application";
		};
/* End PBXNativeTarget section */

/* Begin PBXProject section */
		CDD15DF4208C649200681C7C /* Project object */ = {
			isa = PBXProject;
			attributes = {
				LastSwiftUpdateCheck = 0930;
				LastUpgradeCheck = 0930;
				ORGANIZATIONNAME = Engineerish;
				TargetAttributes = {
					CDD15DFB208C649200681C7C = {
						CreatedOnToolsVersion = 9.3;
					};
				};
			};
			buildConfigurationList = CDD15DF7208C649200681C7C /* Build configuration list for PBXProject "PixelDrawer" */;
			compatibilityVersion = "Xcode 9.3";
			developmentRegion = en;
			hasScannedForEncodings = 0;
			knownRegions = (
				en,
				Base,
			);
			mainGroup = CDD15DF3208C649200681C7C;
			productRefGroup = CDD15DFD208C649200681C7C /* Products */;
			projectDirPath = "";
			projectRoot = "";
			targets = (
				CDD15DFB208C649200681C7C /* PixelDrawer */,
			);
		};
/* End PBXProject section */

/* Begin PBXResourcesBuildPhase section */
		CDD15DFA208C649200681C7C /* Resources */ = {
			isa = PBXResourcesBuildPhase;
			buildActionMask = 2147483647;
			files = (
				CDD15E0A208C649400681C7C /* LaunchScreen.storyboard in Resources */,
				CDD15E07208C649400681C7C /* Assets.xcassets in Resources */,
				CDD15E05208C649300681C7C /* Main.storyboard in Resources */,
			);
			runOnlyForDeploymentPostprocessing = 0;
		};
/* End PBXResourcesBuildPhase section */

/* Begin PBXShellScriptBuildPhase section */
		CDD15E14208C653100681C7C /* Carthage copy-frameworks */ = {
			isa = PBXShellScriptBuildPhase;
			buildActionMask = 2147483647;
			files = (
			);
			inputPaths = (
				"$(SRCROOT)/Carthage/Build/iOS/SwiftSocket.framework",
				"$(SRCROOT)/Carthage/Build/iOS/Flow.framework",
			);
			name = "Carthage copy-frameworks";
			outputPaths = (
				"$(BUILT_PRODUCTS_DIR)/$(FRAMEWORKS_FOLDER_PATH)/SwiftSocket.framework",
				"$(BUILT_PRODUCTS_DIR)/$(FRAMEWORKS_FOLDER_PATH)/Flow.framework",
			);
			runOnlyForDeploymentPostprocessing = 0;
			shellPath = /bin/sh;
			shellScript = "/usr/local/bin/carthage copy-frameworks";
		};
		CDD15E15208C658200681C7C /* Carthage warn for outdated */ = {
			isa = PBXShellScriptBuildPhase;
			buildActionMask = 2147483647;
			files = (
			);
			inputPaths = (
			);
			name = "Carthage warn for outdated";
			outputPaths = (
			);
			runOnlyForDeploymentPostprocessing = 0;
			shellPath = /bin/sh;
			shellScript = "/usr/local/bin/carthage outdated --xcode-warnings";
		};
/* End PBXShellScriptBuildPhase section */

/* Begin PBXSourcesBuildPhase section */
		CDD15DF8208C649200681C7C /* Sources */ = {
			isa = PBXSourcesBuildPhase;
			buildActionMask = 2147483647;
			files = (
				CDD15E02208C649300681C7C /* ViewController.swift in Sources */,
				CDD15E00208C649200681C7C /* AppDelegate.swift in Sources */,
			);
			runOnlyForDeploymentPostprocessing = 0;
		};
/* End PBXSourcesBuildPhase section */

/* Begin PBXVariantGroup section */
		CDD15E03208C649300681C7C /* Main.storyboard */ = {
			isa = PBXVariantGroup;
			children = (
				CDD15E04208C649300681C7C /* Base */,
			);
			name = Main.storyboard;
			sourceTree = "<group>";
		};
		CDD15E08208C649400681C7C /* LaunchScreen.storyboard */ = {
			isa = PBXVariantGroup;
			children = (
				CDD15E09208C649400681C7C /* Base */,
			);
			name = LaunchScreen.storyboard;
			sourceTree = "<group>";
		};
/* End PBXVariantGroup section */

/* Begin XCBuildConfiguration section */
		CDD15E0C208C649400681C7C /* Debug */ = {
			isa = XCBuildConfiguration;
			buildSettings = {
				ALWAYS_SEARCH_USER_PATHS = NO;
				CLANG_ANALYZER_NONNULL = YES;
				CLANG_ANALYZER_NUMBER_OBJECT_CONVERSION = YES_AGGRESSIVE;
				CLANG_CXX_LANGUAGE_STANDARD = "gnu++14";
				CLANG_CXX_LIBRARY = "libc++";
				CLANG_ENABLE_MODULES = YES;
				CLANG_ENABLE_OBJC_ARC = YES;
				CLANG_ENABLE_OBJC_WEAK = YES;
				CLANG_WARN_BLOCK_CAPTURE_AUTORELEASING = YES;
				CLANG_WARN_BOOL_CONVERSION = YES;
				CLANG_WARN_COMMA = YES;
				CLANG_WARN_CONSTANT_CONVERSION = YES;
				CLANG_WARN_DEPRECATED_OBJC_IMPLEMENTATIONS = YES;
				CLANG_WARN_DIRECT_OBJC_ISA_USAGE = YES_ERROR;
				CLANG_WARN_DOCUMENTATION_COMMENTS = YES;
				CLANG_WARN_EMPTY_BODY = YES;
				CLANG_WARN_ENUM_CONVERSION = YES;
				CLANG_WARN_INFINITE_RECURSION = YES;
				CLANG_WARN_INT_CONVERSION = YES;
				CLANG_WARN_NON_LITERAL_NULL_CONVERSION = YES;
				CLANG_WARN_OBJC_IMPLICIT_RETAIN_SELF = YES;
				CLANG_WARN_OBJC_LITERAL_CONVERSION = YES;
				CLANG_WARN_OBJC_ROOT_CLASS = YES_ERROR;
				CLANG_WARN_RANGE_LOOP_ANALYSIS = YES;
				CLANG_WARN_STRICT_PROTOTYPES = YES;
				CLANG_WARN_SUSPICIOUS_MOVE = YES;
				CLANG_WARN_UNGUARDED_AVAILABILITY = YES_AGGRESSIVE;
				CLANG_WARN_UNREACHABLE_CODE = YES;
				CLANG_WARN__DUPLICATE_METHOD_MATCH = YES;
				CODE_SIGN_IDENTITY = "iPhone Developer";
				COPY_PHASE_STRIP = NO;
				DEBUG_INFORMATION_FORMAT = dwarf;
				ENABLE_STRICT_OBJC_MSGSEND = YES;
				ENABLE_TESTABILITY = YES;
				GCC_C_LANGUAGE_STANDARD = gnu11;
				GCC_DYNAMIC_NO_PIC = NO;
				GCC_NO_COMMON_BLOCKS = YES;
				GCC_OPTIMIZATION_LEVEL = 0;
				GCC_PREPROCESSOR_DEFINITIONS = (
					"DEBUG=1",
					"$(inherited)",
				);
				GCC_WARN_64_TO_32_BIT_CONVERSION = YES;
				GCC_WARN_ABOUT_RETURN_TYPE = YES_ERROR;
				GCC_WARN_UNDECLARED_SELECTOR = YES;
				GCC_WARN_UNINITIALIZED_AUTOS = YES_AGGRESSIVE;
				GCC_WARN_UNUSED_FUNCTION = YES;
				GCC_WARN_UNUSED_VARIABLE = YES;
				IPHONEOS_DEPLOYMENT_TARGET = 11.3;
				MTL_ENABLE_DEBUG_INFO = YES;
				ONLY_ACTIVE_ARCH = YES;
				SDKROOT = iphoneos;
				SWIFT_ACTIVE_COMPILATION_CONDITIONS = DEBUG;
				SWIFT_OPTIMIZATION_LEVEL = "-Onone";
			};
			name = Debug;
		};
		CDD15E0D208C649400681C7C /* Release */ = {
			isa = XCBuildConfiguration;
			buildSettings = {
				ALWAYS_SEARCH_USER_PATHS = NO;
				CLANG_ANALYZER_NONNULL = YES;
				CLANG_ANALYZER_NUMBER_OBJECT_CONVERSION = YES_AGGRESSIVE;
				CLANG_CXX_LANGUAGE_STANDARD = "gnu++14";
				CLANG_CXX_LIBRARY = "libc++";
				CLANG_ENABLE_MODULES = YES;
				CLANG_ENABLE_OBJC_ARC = YES;
				CLANG_ENABLE_OBJC_WEAK = YES;
				CLANG_WARN_BLOCK_CAPTURE_AUTORELEASING = YES;
				CLANG_WARN_BOOL_CONVERSION = YES;
				CLANG_WARN_COMMA = YES;
				CLANG_WARN_CONSTANT_CONVERSION = YES;
				CLANG_WARN_DEPRECATED_OBJC_IMPLEMENTATIONS = YES;
				CLANG_WARN_DIRECT_OBJC_ISA_USAGE = YES_ERROR;
				CLANG_WARN_DOCUMENTATION_COMMENTS = YES;
				CLANG_WARN_EMPTY_BODY = YES;
				CLANG_WARN_ENUM_CONVERSION = YES;
				CLANG_WARN_INFINITE_RECURSION = YES;
				CLANG_WARN_INT_CONVERSION = YES;
				CLANG_WARN_NON_LITERAL_NULL_CONVERSION = YES;
				CLANG_WARN_OBJC_IMPLICIT_RETAIN_SELF = YES;
				CLANG_WARN_OBJC_LITERAL_CONVERSION = YES;
				CLANG_WARN_OBJC_ROOT_CLASS = YES_ERROR;
				CLANG_WARN_RANGE_LOOP_ANALYSIS = YES;
				CLANG_WARN_STRICT_PROTOTYPES = YES;
				CLANG_WARN_SUSPICIOUS_MOVE = YES;
				CLANG_WARN_UNGUARDED_AVAILABILITY = YES_AGGRESSIVE;
				CLANG_WARN_UNREACHABLE_CODE = YES;
				CLANG_WARN__DUPLICATE_METHOD_MATCH = YES;
				CODE_SIGN_IDENTITY = "iPhone Developer";
				COPY_PHASE_STRIP = NO;
				DEBUG_INFORMATION_FORMAT = "dwarf-with-dsym";
				ENABLE_NS_ASSERTIONS = NO;
				ENABLE_STRICT_OBJC_MSGSEND = YES;
				GCC_C_LANGUAGE_STANDARD = gnu11;
				GCC_NO_COMMON_BLOCKS = YES;
				GCC_WARN_64_TO_32_BIT_CONVERSION = YES;
				GCC_WARN_ABOUT_RETURN_TYPE = YES_ERROR;
				GCC_WARN_UNDECLARED_SELECTOR = YES;
				GCC_WARN_UNINITIALIZED_AUTOS = YES_AGGRESSIVE;
				GCC_WARN_UNUSED_FUNCTION = YES;
				GCC_WARN_UNUSED_VARIABLE = YES;
				IPHONEOS_DEPLOYMENT_TARGET = 11.3;
				MTL_ENABLE_DEBUG_INFO = NO;
				SDKROOT = iphoneos;
				SWIFT_COMPILATION_MODE = wholemodule;
				SWIFT_OPTIMIZATION_LEVEL = "-O";
				VALIDATE_PRODUCT = YES;
			};
			name = Release;
		};
		CDD15E0F208C649400681C7C /* Debug */ = {
			isa = XCBuildConfiguration;
			buildSettings = {
				ASSETCATALOG_COMPILER_APPICON_NAME = AppIcon;
				CODE_SIGN_STYLE = Automatic;
				DEVELOPMENT_TEAM = G576H7YVGT;
				FRAMEWORK_SEARCH_PATHS = (
					"$(inherited)",
					"$(PROJECT_DIR)/Carthage/Build/iOS",
				);
				INFOPLIST_FILE = PixelDrawer/Info.plist;
				LD_RUNPATH_SEARCH_PATHS = (
					"$(inherited)",
					"@executable_path/Frameworks",
				);
				PRODUCT_BUNDLE_IDENTIFIER = com.engineerish.PixelDrawer;
				PRODUCT_NAME = "$(TARGET_NAME)";
				SWIFT_VERSION = 4.0;
				TARGETED_DEVICE_FAMILY = "1,2";
			};
			name = Debug;
		};
		CDD15E10208C649400681C7C /* Release */ = {
			isa = XCBuildConfiguration;
			buildSettings = {
				ASSETCATALOG_COMPILER_APPICON_NAME = AppIcon;
				CODE_SIGN_STYLE = Automatic;
				DEVELOPMENT_TEAM = G576H7YVGT;
				FRAMEWORK_SEARCH_PATHS = (
					"$(inherited)",
					"$(PROJECT_DIR)/Carthage/Build/iOS",
				);
				INFOPLIST_FILE = PixelDrawer/Info.plist;
				LD_RUNPATH_SEARCH_PATHS = (
					"$(inherited)",
					"@executable_path/Frameworks",
				);
				PRODUCT_BUNDLE_IDENTIFIER = com.engineerish.PixelDrawer;
				PRODUCT_NAME = "$(TARGET_NAME)";
				SWIFT_VERSION = 4.0;
				TARGETED_DEVICE_FAMILY = "1,2";
			};
			name = Release;
		};
/* End XCBuildConfiguration section */

/* Begin XCConfigurationList section */
		CDD15DF7208C649200681C7C /* Build configuration list for PBXProject "PixelDrawer" */ = {
			isa = XCConfigurationList;
			buildConfigurations = (
				CDD15E0C208C649400681C7C /* Debug */,
				CDD15E0D208C649400681C7C /* Release */,
			);
			defaultConfigurationIsVisible = 0;
			defaultConfigurationName = Release;
		};
		CDD15E0E208C649400681C7C /* Build configuration list for PBXNativeTarget "PixelDrawer" */ = {
			isa = XCConfigurationList;
			buildConfigurations = (
				CDD15E0F208C649400681C7C /* Debug */,
				CDD15E10208C649400681C7C /* Release */,
			);
			defaultConfigurationIsVisible = 0;
			defaultConfigurationName = Release;
		};
/* End XCConfigurationList section */
	};
	rootObject = CDD15DF4208C649200681C7C /* Project object */;
}
